
Microsoft Visual Studio Solution File, Format Version 12.00
# Visual Studio Version 16
VisualStudioVersion = 16.0.32901.82
MinimumVisualStudioVersion = 10.0.40219.1
Project("{8BC9CEB8-8B4A-11D0-8D11-00A0C91BC942}") = "AudioRouter", "AudioRouter\AudioRouter.vcxproj", "{86127593-2091-4E53-8540-7DBD5F42BAE9}"
EndProject
Project("{8BC9CEB8-8B4A-11D0-8D11-00A0C91BC942}") = "AudioRouterApp", "AudioRouterApp\AudioRouterApp.vcxproj", "{59349900-2E4A-4D73-9824-283222794AFE}"
EndProject
Global
	GlobalSection(SolutionConfigurationPlatforms) = preSolution
		Debug|Any CPU = Debug|Any CPU
		Debug|ARM = Debug|ARM
		Debug|ARM64 = Debug|ARM64
		Debug|x64 = Debug|x64
		Debug|x86 = Debug|x86
		Release|Any CPU = Release|Any CPU
		Release|ARM = Release|ARM
		Release|ARM64 = Release|ARM64
		Release|x64 = Release|x64
		Release|x86 = Release|x86
	EndGlobalSection
	GlobalSection(ProjectConfigurationPlatforms) = postSolution
		{86127593-2091-4E53-8540-7DBD5F42BAE9}.Debug|Any CPU.ActiveCfg = Debug|x64
		{86127593-2091-4E53-8540-7DBD5F42BAE9}.Debug|ARM.ActiveCfg = Debug|x64
		{86127593-2091-4E53-8540-7DBD5F42BAE9}.Debug|ARM64.ActiveCfg = Debug|x64
		{86127593-2091-4E53-8540-7DBD5F42BAE9}.Debug|x64.ActiveCfg = Debug|x64
		{86127593-2091-4E53-8540-7DBD5F42BAE9}.Debug|x64.Build.0 = Debug|x64
		{86127593-2091-4E53-8540-7DBD5F42BAE9}.Debug|x64.Deploy.0 = Debug|x64
		{86127593-2091-4E53-8540-7DBD5F42BAE9}.Debug|x86.ActiveCfg = Debug|x64
		{86127593-2091-4E53-8540-7DBD5F42BAE9}.Release|Any CPU.ActiveCfg = Release|x64
		{86127593-2091-4E53-8540-7DBD5F42BAE9}.Release|ARM.ActiveCfg = Release|x64
		{86127593-2091-4E53-8540-7DBD5F42BAE9}.Release|ARM64.ActiveCfg = Release|x64
		{86127593-2091-4E53-8540-7DBD5F42BAE9}.Release|x64.ActiveCfg = Release|x64
		{86127593-2091-4E53-8540-7DBD5F42BAE9}.Release|x64.Build.0 = Release|x64
		{86127593-2091-4E53-8540-7DBD5F42BAE9}.Release|x64.Deploy.0 = Release|x64
		{86127593-2091-4E53-8540-7DBD5F42BAE9}.Release|x86.ActiveCfg = Release|x64
		{59349900-2E4A-4D73-9824-283222794AFE}.Debug|Any CPU.ActiveCfg = Debug|Win32
		{59349900-2E4A-4D73-9824-283222794AFE}.Debug|ARM.ActiveCfg = Debug|Win32
		{59349900-2E4A-4D73-9824-283222794AFE}.Debug|ARM64.ActiveCfg = Debug|Win32
		{59349900-2E4A-4D73-9824-283222794AFE}.Debug|x64.ActiveCfg = Debug|x64
		{59349900-2E4A-4D73-9824-283222794AFE}.Debug|x64.Build.0 = Debug|x64
		{59349900-2E4A-4D73-9824-283222794AFE}.Debug|x86.ActiveCfg = Debug|Win32
		{59349900-2E4A-4D73-9824-283222794AFE}.Debug|x86.Build.0 = Debug|Win32
		{59349900-2E4A-4D73-9824-283222794AFE}.Release|Any CPU.ActiveCfg = Release|x64
		{59349900-2E4A-4D73-9824-283222794AFE}.Release|ARM.ActiveCfg = Release|x64
		{59349900-2E4A-4D73-9824-283222794AFE}.Release|ARM64.ActiveCfg = Release|x64
		{59349900-2E4A-4D73-9824-283222794AFE}.Release|x64.ActiveCfg = Release|x64
		{59349900-2E4A-4D73-9824-283222794AFE}.Release|x64.Build.0 = Release|x64
		{59349900-2E4A-4D73-9824-283222794AFE}.Release|x86.ActiveCfg = Release|x64
	EndGlobalSection
	GlobalSection(SolutionProperties) = preSolution
		HideSolutionNode = FALSE
	EndGlobalSection
	GlobalSection(ExtensibilityGlobals) = postSolution
		SolutionGuid = {B3C49A30-DE96-4E61-9785-A71E139AE8DE}
	EndGlobalSection
EndGlobal
